
Microsoft Visual Studio Solution File, Format Version 12.00
# Visual Studio 2012
Project("{FAE04EC0-301F-11D3-BF4B-00C04F79EFBC}") = "Modelos", "Modelos\Modelos.csproj", "{E15B32A7-1BA4-4EA2-96E0-CCE93B8C02A6}"
EndProject
Project("{FAE04EC0-301F-11D3-BF4B-00C04F79EFBC}") = "Lab06", "MMCKF_Cap_Infinita\Lab06.csproj", "{CFF05550-CF75-424F-94C8-C62CD8329279}"
EndProject
Project("{FAE04EC0-301F-11D3-BF4B-00C04F79EFBC}") = "Matematica", "Matematica\Matematica.csproj", "{3BB35B9C-27A8-4779-85BA-F4F185CA23FC}"
EndProject
Project("{FAE04EC0-301F-11D3-BF4B-00C04F79EFBC}") = "Aula07", "Aula07\Aula07.csproj", "{30007854-8385-4B57-BE51-4478AFCF0FA7}"
EndProject
Project("{FAE04EC0-301F-11D3-BF4B-00C04F79EFBC}") = "P2", "P2\P2.csproj", "{C183CE52-63FC-4474-806C-6A35C87BFF9D}"
EndProject
Project("{FAE04EC0-301F-11D3-BF4B-00C04F79EFBC}") = "TesteP2", "TesteP2\TesteP2.csproj", "{11C19CEF-D8C7-4E63-870B-29C8951A43FB}"
EndProject
Project("{FAE04EC0-301F-11D3-BF4B-00C04F79EFBC}") = "Aula09", "Aula09\Aula09.csproj", "{64D9B41C-779A-45D8-A7CC-245677AFC136}"
EndProject
Global
	GlobalSection(SolutionConfigurationPlatforms) = preSolution
		Debug|x86 = Debug|x86
		Release|x86 = Release|x86
	EndGlobalSection
	GlobalSection(ProjectConfigurationPlatforms) = postSolution
		{E15B32A7-1BA4-4EA2-96E0-CCE93B8C02A6}.Debug|x86.ActiveCfg = Debug|Any CPU
		{E15B32A7-1BA4-4EA2-96E0-CCE93B8C02A6}.Debug|x86.Build.0 = Debug|Any CPU
		{E15B32A7-1BA4-4EA2-96E0-CCE93B8C02A6}.Release|x86.ActiveCfg = Release|Any CPU
		{E15B32A7-1BA4-4EA2-96E0-CCE93B8C02A6}.Release|x86.Build.0 = Release|Any CPU
		{CFF05550-CF75-424F-94C8-C62CD8329279}.Debug|x86.ActiveCfg = Debug|x86
		{CFF05550-CF75-424F-94C8-C62CD8329279}.Debug|x86.Build.0 = Debug|x86
		{CFF05550-CF75-424F-94C8-C62CD8329279}.Release|x86.ActiveCfg = Release|x86
		{CFF05550-CF75-424F-94C8-C62CD8329279}.Release|x86.Build.0 = Release|x86
		{3BB35B9C-27A8-4779-85BA-F4F185CA23FC}.Debug|x86.ActiveCfg = Debug|Any CPU
		{3BB35B9C-27A8-4779-85BA-F4F185CA23FC}.Debug|x86.Build.0 = Debug|Any CPU
		{3BB35B9C-27A8-4779-85BA-F4F185CA23FC}.Release|x86.ActiveCfg = Release|Any CPU
		{3BB35B9C-27A8-4779-85BA-F4F185CA23FC}.Release|x86.Build.0 = Release|Any CPU
		{30007854-8385-4B57-BE51-4478AFCF0FA7}.Debug|x86.ActiveCfg = Debug|x86
		{30007854-8385-4B57-BE51-4478AFCF0FA7}.Debug|x86.Build.0 = Debug|x86
		{30007854-8385-4B57-BE51-4478AFCF0FA7}.Release|x86.ActiveCfg = Release|x86
		{30007854-8385-4B57-BE51-4478AFCF0FA7}.Release|x86.Build.0 = Release|x86
		{C183CE52-63FC-4474-806C-6A35C87BFF9D}.Debug|x86.ActiveCfg = Debug|Any CPU
		{C183CE52-63FC-4474-806C-6A35C87BFF9D}.Debug|x86.Build.0 = Debug|Any CPU
		{C183CE52-63FC-4474-806C-6A35C87BFF9D}.Release|x86.ActiveCfg = Release|Any CPU
		{C183CE52-63FC-4474-806C-6A35C87BFF9D}.Release|x86.Build.0 = Release|Any CPU
		{11C19CEF-D8C7-4E63-870B-29C8951A43FB}.Debug|x86.ActiveCfg = Debug|x86
		{11C19CEF-D8C7-4E63-870B-29C8951A43FB}.Debug|x86.Build.0 = Debug|x86
		{11C19CEF-D8C7-4E63-870B-29C8951A43FB}.Release|x86.ActiveCfg = Release|x86
		{11C19CEF-D8C7-4E63-870B-29C8951A43FB}.Release|x86.Build.0 = Release|x86
		{64D9B41C-779A-45D8-A7CC-245677AFC136}.Debug|x86.ActiveCfg = Debug|x86
		{64D9B41C-779A-45D8-A7CC-245677AFC136}.Debug|x86.Build.0 = Debug|x86
		{64D9B41C-779A-45D8-A7CC-245677AFC136}.Release|x86.ActiveCfg = Release|x86
		{64D9B41C-779A-45D8-A7CC-245677AFC136}.Release|x86.Build.0 = Release|x86
	EndGlobalSection
EndGlobal
